
Microsoft Visual Studio Solution File, Format Version 12.00
# Visual Studio Version 17
VisualStudioVersion = 17.5.33530.505
MinimumVisualStudioVersion = 10.0.40219.1
Project("{8BC9CEB8-8B4A-11D0-8D11-00A0C91BC942}") = "pacman", "pacman\pacman.vcxproj", "{024A396B-BB32-4B88-91D8-10CB8785C596}"
EndProject
Global
	GlobalSection(SolutionConfigurationPlatforms) = preSolution
		Debug|x64 = Debug|x64
		Debug|x86 = Debug|x86
		Release|x64 = Release|x64
		Release|x86 = Release|x86
	EndGlobalSection
	GlobalSection(ProjectConfigurationPlatforms) = postSolution
		{024A396B-BB32-4B88-91D8-10CB8785C596}.Debug|x64.ActiveCfg = Debug|x64
		{024A396B-BB32-4B88-91D8-10CB8785C596}.Debug|x64.Build.0 = Debug|x64
		{024A396B-BB32-4B88-91D8-10CB8785C596}.Debug|x86.ActiveCfg = Debug|Win32
		{024A396B-BB32-4B88-91D8-10CB8785C596}.Debug|x86.Build.0 = Debug|Win32
		{024A396B-BB32-4B88-91D8-10CB8785C596}.Release|x64.ActiveCfg = Release|x64
		{024A396B-BB32-4B88-91D8-10CB8785C596}.Release|x64.Build.0 = Release|x64
		{024A396B-BB32-4B88-91D8-10CB8785C596}.Release|x86.ActiveCfg = Release|Win32
		{024A396B-BB32-4B88-91D8-10CB8785C596}.Release|x86.Build.0 = Release|Win32
	EndGlobalSection
	GlobalSection(SolutionProperties) = preSolution
		HideSolutionNode = FALSE
	EndGlobalSection
	GlobalSection(ExtensibilityGlobals) = postSolution
		SolutionGuid = {5931F041-387C-4749-9067-E1B2B196182B}
	EndGlobalSection
EndGlobal
